{
  "originHash" : "2a83e12e3533a386448fcbd8ff5a2b5c4d78391e928e0fc64617fa390229abbc",
  "pins" : [
    {
      "identity" : "nuke",
      "kind" : "remoteSourceControl",
      "location" : "https://github.com/kean/Nuke",
      "state" : {
        "revision" : "0ead44350d2737db384908569c012fe67c421e4d",
        "version" : "12.8.0"
      }
    },
    {
      "identity" : "screchkit",
      "kind" : "remoteSourceControl",
      "location" : "https://github.com/TopScrech/ScrechKit",
      "state" : {
        "branch" : "main",
        "revision" : "1190df4ba1d021c417951146a5c117edb9503069"
      }
    }
  ],
  "version" : 3
}
