{
  "originHash" : "dfda1b2373faf41caa3188671ba670b2200fab944b02101cc60f880c7bb040cf",
  "pins" : [
    {
      "identity" : "nuke",
      "kind" : "remoteSourceControl",
      "location" : "https://github.com/kean/Nuke",
      "state" : {
        "revision" : "0ead44350d2737db384908569c012fe67c421e4d",
        "version" : "12.8.0"
      }
    },
    {
      "identity" : "screchkit",
      "kind" : "remoteSourceControl",
      "location" : "https://github.com/TopScrech/ScrechKit",
      "state" : {
        "branch" : "main",
        "revision" : "25bb79b2e34686515629a7e4f582244cbda5dea1"
      }
    }
  ],
  "version" : 3
}
