// !$*UTF8*$!
{
	archiveVersion = 1;
	classes = {
	};
	objectVersion = 70;
	objects = {

/* Begin PBXBuildFile section */
		F10C42122AABEB08000107D6 /* ArbitraryServerStatusOnlineCheckIntent.swift in Sources */ = {isa = PBXBuildFile; fileRef = F10C42112AABEB08000107D6 /* ArbitraryServerStatusOnlineCheckIntent.swift */; };
		F10C42142AAD4736000107D6 /* ServerStatusEntity.swift in Sources */ = {isa = PBXBuildFile; fileRef = F10C42132AAD4736000107D6 /* ServerStatusEntity.swift */; };
		F10C42172AAD55BF000107D6 /* MCStatusShortcutsProvider.swift in Sources */ = {isa = PBXBuildFile; fileRef = F10C42162AAD55BF000107D6 /* MCStatusShortcutsProvider.swift */; };
		F10C421C2AAE40BC000107D6 /* MCStatusAppIntentsExtension.appex in Embed ExtensionKit Extensions */ = {isa = PBXBuildFile; fileRef = F1406BA92AA391B800815BE8 /* MCStatusAppIntentsExtension.appex */; platformFilter = ios; settings = {ATTRIBUTES = (RemoveHeadersOnCopy, ); }; };
		F10E94B12A8C61B60039DD2B /* ConnectivityProvider.swift in Sources */ = {isa = PBXBuildFile; fileRef = F10E94B02A8C61B60039DD2B /* ConnectivityProvider.swift */; };
		F11F634E2A81E50E00D47187 /* MCStatusWatchApp.swift in Sources */ = {isa = PBXBuildFile; fileRef = F11F634D2A81E50E00D47187 /* MCStatusWatchApp.swift */; };
		F11F63552A81E51000D47187 /* Preview Assets.xcassets in Resources */ = {isa = PBXBuildFile; fileRef = F11F63542A81E51000D47187 /* Preview Assets.xcassets */; };
		F11F63582A81E51000D47187 /* MCStatusWatchApp Watch App.app in Embed Watch Content */ = {isa = PBXBuildFile; fileRef = F11F634B2A81E50E00D47187 /* MCStatusWatchApp Watch App.app */; settings = {ATTRIBUTES = (RemoveHeadersOnCopy, ); }; };
		F13E5FFD2A4BD614005BE9B2 /* MCStatusApp.swift in Sources */ = {isa = PBXBuildFile; fileRef = F13E5FFC2A4BD614005BE9B2 /* MCStatusApp.swift */; };
		F13E60012A4BD614005BE9B2 /* MainAppContentView.swift in Sources */ = {isa = PBXBuildFile; fileRef = F13E60002A4BD614005BE9B2 /* MainAppContentView.swift */; };
		F13E60032A4BD615005BE9B2 /* Assets.xcassets in Resources */ = {isa = PBXBuildFile; fileRef = F13E60022A4BD615005BE9B2 /* Assets.xcassets */; };
		F13E60072A4BD615005BE9B2 /* Preview Assets.xcassets in Resources */ = {isa = PBXBuildFile; fileRef = F13E60062A4BD615005BE9B2 /* Preview Assets.xcassets */; };
		F1406BAC2AA391B800815BE8 /* MCStatusAppIntentsExtension.swift in Sources */ = {isa = PBXBuildFile; fileRef = F1406BAB2AA391B800815BE8 /* MCStatusAppIntentsExtension.swift */; };
		F1406BB82AA3928500815BE8 /* SavedServerStatusOnlineCheckIntent.swift in Sources */ = {isa = PBXBuildFile; fileRef = F13083552A9ECC580024A6EE /* SavedServerStatusOnlineCheckIntent.swift */; };
		F1406BBE2AA3933000815BE8 /* SavedServerEntity.swift in Sources */ = {isa = PBXBuildFile; fileRef = F1406BA12AA2CC4800815BE8 /* SavedServerEntity.swift */; };
		F1406BBF2AA3933400815BE8 /* IntentErrors.swift in Sources */ = {isa = PBXBuildFile; fileRef = F1406BA32AA2DD2C00815BE8 /* IntentErrors.swift */; };
		F1406BC22AA3936E00815BE8 /* UserDefaultHelper.swift in Sources */ = {isa = PBXBuildFile; fileRef = F1BF5D9E2A80261D00966D56 /* UserDefaultHelper.swift */; };
		F1612CC82CACC37300E602DC /* Nuke in Frameworks */ = {isa = PBXBuildFile; productRef = F1612CC72CACC37300E602DC /* Nuke */; };
		F1612CCA2CACC37300E602DC /* NukeUI in Frameworks */ = {isa = PBXBuildFile; productRef = F1612CC92CACC37300E602DC /* NukeUI */; };
		F16990822CA5DDE500F41232 /* IntentErrors.swift in Sources */ = {isa = PBXBuildFile; fileRef = F1406BA32AA2DD2C00815BE8 /* IntentErrors.swift */; };
		F16990832CA5DDE500F41232 /* ArbitraryServerStatusOnlineCheckIntent.swift in Sources */ = {isa = PBXBuildFile; fileRef = F10C42112AABEB08000107D6 /* ArbitraryServerStatusOnlineCheckIntent.swift */; };
		F16990842CA5DDE500F41232 /* ServerStatusEntity.swift in Sources */ = {isa = PBXBuildFile; fileRef = F10C42132AAD4736000107D6 /* ServerStatusEntity.swift */; };
		F16990852CA5DDE500F41232 /* SavedServerEntity.swift in Sources */ = {isa = PBXBuildFile; fileRef = F1406BA12AA2CC4800815BE8 /* SavedServerEntity.swift */; };
		F16990862CA5DDE500F41232 /* SavedServerStatusOnlineCheckIntent.swift in Sources */ = {isa = PBXBuildFile; fileRef = F13083552A9ECC580024A6EE /* SavedServerStatusOnlineCheckIntent.swift */; };
		F16990872CA5DDE500F41232 /* MCStatusShortcutsProvider.swift in Sources */ = {isa = PBXBuildFile; fileRef = F10C42162AAD55BF000107D6 /* MCStatusShortcutsProvider.swift */; };
		F174A2FC2A8F7FFA0051DA5B /* WatchHelper.swift in Sources */ = {isa = PBXBuildFile; fileRef = F174A2FB2A8F7FFA0051DA5B /* WatchHelper.swift */; };
		F174A2FE2A8F8ED70051DA5B /* UserDefaultHelper.swift in Sources */ = {isa = PBXBuildFile; fileRef = F1BF5D9E2A80261D00966D56 /* UserDefaultHelper.swift */; };
		F174A3012A915E450051DA5B /* WatchServerStatusChecker.swift in Sources */ = {isa = PBXBuildFile; fileRef = F174A3002A915E450051DA5B /* WatchServerStatusChecker.swift */; };
		F17A16BB2A893DD700F8FF2F /* SettingsRootView.swift in Sources */ = {isa = PBXBuildFile; fileRef = F17A16BA2A893DD700F8FF2F /* SettingsRootView.swift */; };
		F17A16BD2A8956DE00F8FF2F /* EditServerView.swift in Sources */ = {isa = PBXBuildFile; fileRef = F17A16BC2A8956DE00F8FF2F /* EditServerView.swift */; };
		F1A43C822A8472B20081A24C /* ServerStatusDetailView.swift in Sources */ = {isa = PBXBuildFile; fileRef = F1A43C812A8472B20081A24C /* ServerStatusDetailView.swift */; };
		F1AE29162CA48577009D0D14 /* ServerRowView.swift in Sources */ = {isa = PBXBuildFile; fileRef = F1AE29152CA48577009D0D14 /* ServerRowView.swift */; };
		F1BF5D9F2A80261D00966D56 /* UserDefaultHelper.swift in Sources */ = {isa = PBXBuildFile; fileRef = F1BF5D9E2A80261D00966D56 /* UserDefaultHelper.swift */; };
		F1C010412AAAB6DE0017B9A9 /* MCStatusDataLayer in Frameworks */ = {isa = PBXBuildFile; productRef = F1C010402AAAB6DE0017B9A9 /* MCStatusDataLayer */; };
		F1C010432AAAB6E50017B9A9 /* MCStatusDataLayer in Frameworks */ = {isa = PBXBuildFile; productRef = F1C010422AAAB6E50017B9A9 /* MCStatusDataLayer */; };
		F1C010452AAAB6EA0017B9A9 /* MCStatusDataLayer in Frameworks */ = {isa = PBXBuildFile; productRef = F1C010442AAAB6EA0017B9A9 /* MCStatusDataLayer */; };
		F1C010492AAAB9B60017B9A9 /* SwiftyPing.swift in Sources */ = {isa = PBXBuildFile; fileRef = F1C010482AAAB9B60017B9A9 /* SwiftyPing.swift */; };
		F1CFCD492CAB0FF7001A9E69 /* MinecraftServerStatusView.swift in Sources */ = {isa = PBXBuildFile; fileRef = F1CFCD482CAB0FF7001A9E69 /* MinecraftServerStatusView.swift */; };
		F1CFCD512CABB567001A9E69 /* CustomExtentions.swift in Sources */ = {isa = PBXBuildFile; fileRef = F1CFCD502CABB55B001A9E69 /* CustomExtentions.swift */; };
		F1CFCD522CABB567001A9E69 /* CustomExtentions.swift in Sources */ = {isa = PBXBuildFile; fileRef = F1CFCD502CABB55B001A9E69 /* CustomExtentions.swift */; };
		F1CFCD532CABB567001A9E69 /* CustomExtentions.swift in Sources */ = {isa = PBXBuildFile; fileRef = F1CFCD502CABB55B001A9E69 /* CustomExtentions.swift */; };
		F1E671762CA73A86002BDFC0 /* CustomProgressView.swift in Sources */ = {isa = PBXBuildFile; fileRef = F1E671752CA73A86002BDFC0 /* CustomProgressView.swift */; };
		F1EF76B72CB419AF00EFFB20 /* MigrationHelper.swift in Resources */ = {isa = PBXBuildFile; fileRef = F1EF76B62CB419AF00EFFB20 /* MigrationHelper.swift */; };
		F1EF76B82CB419AF00EFFB20 /* MigrationHelper.swift in Resources */ = {isa = PBXBuildFile; fileRef = F1EF76B62CB419AF00EFFB20 /* MigrationHelper.swift */; };
		F1EF76B92CB419AF00EFFB20 /* MigrationHelper.swift in Resources */ = {isa = PBXBuildFile; fileRef = F1EF76B62CB419AF00EFFB20 /* MigrationHelper.swift */; };
		F1EF76BA2CB41A2700EFFB20 /* CustomProgressView.swift in Sources */ = {isa = PBXBuildFile; fileRef = F1E671752CA73A86002BDFC0 /* CustomProgressView.swift */; };
		F1EF76C22CB4204E00EFFB20 /* WatchContentView.swift in Sources */ = {isa = PBXBuildFile; fileRef = F1EF76BF2CB4204E00EFFB20 /* WatchContentView.swift */; };
		F1EF76C32CB4204E00EFFB20 /* WatchServerRowView.swift in Sources */ = {isa = PBXBuildFile; fileRef = F1EF76C02CB4204E00EFFB20 /* WatchServerRowView.swift */; };
		F1EF76C62CB4216F00EFFB20 /* Nuke in Frameworks */ = {isa = PBXBuildFile; productRef = F1EF76C52CB4216F00EFFB20 /* Nuke */; };
		F1EF76C82CB4216F00EFFB20 /* NukeUI in Frameworks */ = {isa = PBXBuildFile; productRef = F1EF76C72CB4216F00EFFB20 /* NukeUI */; };
		F1EF76CA2CB422D400EFFB20 /* WatchServerDetailScreen.swift in Sources */ = {isa = PBXBuildFile; fileRef = F1EF76C92CB422D400EFFB20 /* WatchServerDetailScreen.swift */; };
		F1EF76D12CB449E700EFFB20 /* SavedServerStatusOnlineCheckIntent.swift in Sources */ = {isa = PBXBuildFile; fileRef = F13083552A9ECC580024A6EE /* SavedServerStatusOnlineCheckIntent.swift */; };
		F1EF76D22CB449E700EFFB20 /* IntentErrors.swift in Sources */ = {isa = PBXBuildFile; fileRef = F1406BA32AA2DD2C00815BE8 /* IntentErrors.swift */; };
		F1EF76D32CB449E700EFFB20 /* SavedServerEntity.swift in Sources */ = {isa = PBXBuildFile; fileRef = F1406BA12AA2CC4800815BE8 /* SavedServerEntity.swift */; };
		F1EF76D42CB449E700EFFB20 /* ArbitraryServerStatusOnlineCheckIntent.swift in Sources */ = {isa = PBXBuildFile; fileRef = F10C42112AABEB08000107D6 /* ArbitraryServerStatusOnlineCheckIntent.swift */; };
		F1EF76D52CB449E700EFFB20 /* MCStatusShortcutsProvider.swift in Sources */ = {isa = PBXBuildFile; fileRef = F10C42162AAD55BF000107D6 /* MCStatusShortcutsProvider.swift */; };
		F1EF76D62CB449E700EFFB20 /* ServerStatusEntity.swift in Sources */ = {isa = PBXBuildFile; fileRef = F10C42132AAD4736000107D6 /* ServerStatusEntity.swift */; };
		F1EF76DF2CB5B44700EFFB20 /* Assets.xcassets in Resources */ = {isa = PBXBuildFile; fileRef = F11F63512A81E51000D47187 /* Assets.xcassets */; };
		F1EF76E02CB6D99700EFFB20 /* ServerIntentTypeAppEntity.swift in Sources */ = {isa = PBXBuildFile; fileRef = F144E0DC2A9D82CC00E9623F /* ServerIntentTypeAppEntity.swift */; };
		F1EF76E12CB6D99700EFFB20 /* ThemeIntentTypeAppEntity.swift in Sources */ = {isa = PBXBuildFile; fileRef = F144E0DB2A9D82CC00E9623F /* ThemeIntentTypeAppEntity.swift */; };
		F1EF76E32CB6D99F00EFFB20 /* ServerSelectWidgetIntent.swift in Sources */ = {isa = PBXBuildFile; fileRef = F144E0DA2A9D82CC00E9623F /* ServerSelectWidgetIntent.swift */; };
		F1EF76E42CB6D9A500EFFB20 /* ServerIntentTypeAppEntity.swift in Sources */ = {isa = PBXBuildFile; fileRef = F144E0DC2A9D82CC00E9623F /* ServerIntentTypeAppEntity.swift */; };
		F1EF76E52CB6D9A500EFFB20 /* ThemeIntentTypeAppEntity.swift in Sources */ = {isa = PBXBuildFile; fileRef = F144E0DB2A9D82CC00E9623F /* ThemeIntentTypeAppEntity.swift */; };
		F1EF76E62CB6DA1D00EFFB20 /* ServerSelectWidgetIntent.swift in Sources */ = {isa = PBXBuildFile; fileRef = F144E0DA2A9D82CC00E9623F /* ServerSelectWidgetIntent.swift */; };
		F1EF76EE2CB7873F00EFFB20 /* WidgetKit.framework in Frameworks */ = {isa = PBXBuildFile; fileRef = F1EF76ED2CB7873F00EFFB20 /* WidgetKit.framework */; };
		F1EF76F02CB7873F00EFFB20 /* SwiftUI.framework in Frameworks */ = {isa = PBXBuildFile; fileRef = F1EF76EF2CB7873F00EFFB20 /* SwiftUI.framework */; };
		F1EF76FF2CB7874000EFFB20 /* MCStatusWidgetExtensionExtension.appex in Embed Foundation Extensions */ = {isa = PBXBuildFile; fileRef = F1EF76EC2CB7873F00EFFB20 /* MCStatusWidgetExtensionExtension.appex */; platformFilters = (ios, maccatalyst, ); settings = {ATTRIBUTES = (RemoveHeadersOnCopy, ); }; };
/* End PBXBuildFile section */

/* Begin PBXContainerItemProxy section */
		F10C421D2AAE40BC000107D6 /* PBXContainerItemProxy */ = {
			isa = PBXContainerItemProxy;
			containerPortal = F13E5FF12A4BD614005BE9B2 /* Project object */;
			proxyType = 1;
			remoteGlobalIDString = F1406BA82AA391B800815BE8;
			remoteInfo = MCStatusIntentsFramework;
		};
		F11F63562A81E51000D47187 /* PBXContainerItemProxy */ = {
			isa = PBXContainerItemProxy;
			containerPortal = F13E5FF12A4BD614005BE9B2 /* Project object */;
			proxyType = 1;
			remoteGlobalIDString = F11F634A2A81E50E00D47187;
			remoteInfo = "MCStatusWatchApp Watch App";
		};
		F1EF76CF2CB4496F00EFFB20 /* PBXContainerItemProxy */ = {
			isa = PBXContainerItemProxy;
			containerPortal = F13E5FF12A4BD614005BE9B2 /* Project object */;
			proxyType = 1;
			remoteGlobalIDString = F1406BA82AA391B800815BE8;
			remoteInfo = MCStatusAppIntentsExtension;
		};
		F1EF76FD2CB7874000EFFB20 /* PBXContainerItemProxy */ = {
			isa = PBXContainerItemProxy;
			containerPortal = F13E5FF12A4BD614005BE9B2 /* Project object */;
			proxyType = 1;
			remoteGlobalIDString = F1EF76EB2CB7873F00EFFB20;
			remoteInfo = MCStatusWidgetExtensionExtension;
		};
/* End PBXContainerItemProxy section */

/* Begin PBXCopyFilesBuildPhase section */
		F10C421F2AAE40BC000107D6 /* Embed ExtensionKit Extensions */ = {
			isa = PBXCopyFilesBuildPhase;
			buildActionMask = 2147483647;
			dstPath = "$(EXTENSIONS_FOLDER_PATH)";
			dstSubfolderSpec = 16;
			files = (
				F10C421C2AAE40BC000107D6 /* MCStatusAppIntentsExtension.appex in Embed ExtensionKit Extensions */,
			);
			name = "Embed ExtensionKit Extensions";
			runOnlyForDeploymentPostprocessing = 0;
		};
		F11F635C2A81E51000D47187 /* Embed Watch Content */ = {
			isa = PBXCopyFilesBuildPhase;
			buildActionMask = 2147483647;
			dstPath = "$(CONTENTS_FOLDER_PATH)/Watch";
			dstSubfolderSpec = 16;
			files = (
				F11F63582A81E51000D47187 /* MCStatusWatchApp Watch App.app in Embed Watch Content */,
			);
			name = "Embed Watch Content";
			runOnlyForDeploymentPostprocessing = 0;
		};
		F1EF77052CB7874100EFFB20 /* Embed Foundation Extensions */ = {
			isa = PBXCopyFilesBuildPhase;
			buildActionMask = 2147483647;
			dstPath = "";
			dstSubfolderSpec = 13;
			files = (
				F1EF76FF2CB7874000EFFB20 /* MCStatusWidgetExtensionExtension.appex in Embed Foundation Extensions */,
			);
			name = "Embed Foundation Extensions";
			runOnlyForDeploymentPostprocessing = 0;
		};
/* End PBXCopyFilesBuildPhase section */

/* Begin PBXFileReference section */
		F10C42112AABEB08000107D6 /* ArbitraryServerStatusOnlineCheckIntent.swift */ = {isa = PBXFileReference; lastKnownFileType = sourcecode.swift; path = ArbitraryServerStatusOnlineCheckIntent.swift; sourceTree = "<group>"; };
		F10C42132AAD4736000107D6 /* ServerStatusEntity.swift */ = {isa = PBXFileReference; lastKnownFileType = sourcecode.swift; path = ServerStatusEntity.swift; sourceTree = "<group>"; };
		F10C42162AAD55BF000107D6 /* MCStatusShortcutsProvider.swift */ = {isa = PBXFileReference; lastKnownFileType = sourcecode.swift; path = MCStatusShortcutsProvider.swift; sourceTree = "<group>"; };
		F10E94B02A8C61B60039DD2B /* ConnectivityProvider.swift */ = {isa = PBXFileReference; lastKnownFileType = sourcecode.swift; path = ConnectivityProvider.swift; sourceTree = "<group>"; };
		F11F634B2A81E50E00D47187 /* MCStatusWatchApp Watch App.app */ = {isa = PBXFileReference; explicitFileType = wrapper.application; includeInIndex = 0; path = "MCStatusWatchApp Watch App.app"; sourceTree = BUILT_PRODUCTS_DIR; };
		F11F634D2A81E50E00D47187 /* MCStatusWatchApp.swift */ = {isa = PBXFileReference; lastKnownFileType = sourcecode.swift; path = MCStatusWatchApp.swift; sourceTree = "<group>"; };
		F11F63512A81E51000D47187 /* Assets.xcassets */ = {isa = PBXFileReference; lastKnownFileType = folder.assetcatalog; path = Assets.xcassets; sourceTree = "<group>"; };
		F11F63542A81E51000D47187 /* Preview Assets.xcassets */ = {isa = PBXFileReference; lastKnownFileType = folder.assetcatalog; path = "Preview Assets.xcassets"; sourceTree = "<group>"; };
		F13083552A9ECC580024A6EE /* SavedServerStatusOnlineCheckIntent.swift */ = {isa = PBXFileReference; lastKnownFileType = sourcecode.swift; path = SavedServerStatusOnlineCheckIntent.swift; sourceTree = "<group>"; };
		F1322FE32AAAB3FC005EAF56 /* MCStatusDataLayer */ = {isa = PBXFileReference; lastKnownFileType = wrapper; path = MCStatusDataLayer; sourceTree = "<group>"; };
		F13E5FF92A4BD614005BE9B2 /* MC Status.app */ = {isa = PBXFileReference; explicitFileType = wrapper.application; includeInIndex = 0; path = "MC Status.app"; sourceTree = BUILT_PRODUCTS_DIR; };
		F13E5FFC2A4BD614005BE9B2 /* MCStatusApp.swift */ = {isa = PBXFileReference; lastKnownFileType = sourcecode.swift; path = MCStatusApp.swift; sourceTree = "<group>"; };
		F13E60002A4BD614005BE9B2 /* MainAppContentView.swift */ = {isa = PBXFileReference; lastKnownFileType = sourcecode.swift; path = MainAppContentView.swift; sourceTree = "<group>"; };
		F13E60022A4BD615005BE9B2 /* Assets.xcassets */ = {isa = PBXFileReference; lastKnownFileType = folder.assetcatalog; path = Assets.xcassets; sourceTree = "<group>"; };
		F13E60042A4BD615005BE9B2 /* MCStatus.entitlements */ = {isa = PBXFileReference; lastKnownFileType = text.plist.entitlements; path = MCStatus.entitlements; sourceTree = "<group>"; };
		F13E60062A4BD615005BE9B2 /* Preview Assets.xcassets */ = {isa = PBXFileReference; lastKnownFileType = folder.assetcatalog; path = "Preview Assets.xcassets"; sourceTree = "<group>"; };
		F13E60082A4BD615005BE9B2 /* Info.plist */ = {isa = PBXFileReference; lastKnownFileType = text.plist.xml; path = Info.plist; sourceTree = "<group>"; };
		F1406BA12AA2CC4800815BE8 /* SavedServerEntity.swift */ = {isa = PBXFileReference; lastKnownFileType = sourcecode.swift; path = SavedServerEntity.swift; sourceTree = "<group>"; };
		F1406BA32AA2DD2C00815BE8 /* IntentErrors.swift */ = {isa = PBXFileReference; lastKnownFileType = sourcecode.swift; path = IntentErrors.swift; sourceTree = "<group>"; };
		F1406BA92AA391B800815BE8 /* MCStatusAppIntentsExtension.appex */ = {isa = PBXFileReference; explicitFileType = "wrapper.extensionkit-extension"; includeInIndex = 0; path = MCStatusAppIntentsExtension.appex; sourceTree = BUILT_PRODUCTS_DIR; };
		F1406BAB2AA391B800815BE8 /* MCStatusAppIntentsExtension.swift */ = {isa = PBXFileReference; lastKnownFileType = sourcecode.swift; path = MCStatusAppIntentsExtension.swift; sourceTree = "<group>"; };
		F1406BAF2AA391B800815BE8 /* Info.plist */ = {isa = PBXFileReference; lastKnownFileType = text.plist.xml; path = Info.plist; sourceTree = "<group>"; };
		F1406BB72AA391F400815BE8 /* MCStatusAppIntentsExtension.entitlements */ = {isa = PBXFileReference; lastKnownFileType = text.plist.entitlements; path = MCStatusAppIntentsExtension.entitlements; sourceTree = "<group>"; };
		F144E0DA2A9D82CC00E9623F /* ServerSelectWidgetIntent.swift */ = {isa = PBXFileReference; lastKnownFileType = sourcecode.swift; path = ServerSelectWidgetIntent.swift; sourceTree = "<group>"; };
		F144E0DB2A9D82CC00E9623F /* ThemeIntentTypeAppEntity.swift */ = {isa = PBXFileReference; lastKnownFileType = sourcecode.swift; path = ThemeIntentTypeAppEntity.swift; sourceTree = "<group>"; };
		F144E0DC2A9D82CC00E9623F /* ServerIntentTypeAppEntity.swift */ = {isa = PBXFileReference; lastKnownFileType = sourcecode.swift; path = ServerIntentTypeAppEntity.swift; sourceTree = "<group>"; };
		F174A2FB2A8F7FFA0051DA5B /* WatchHelper.swift */ = {isa = PBXFileReference; lastKnownFileType = sourcecode.swift; path = WatchHelper.swift; sourceTree = "<group>"; };
		F174A3002A915E450051DA5B /* WatchServerStatusChecker.swift */ = {isa = PBXFileReference; lastKnownFileType = sourcecode.swift; path = WatchServerStatusChecker.swift; sourceTree = "<group>"; };
		F17A16BA2A893DD700F8FF2F /* SettingsRootView.swift */ = {isa = PBXFileReference; lastKnownFileType = sourcecode.swift; path = SettingsRootView.swift; sourceTree = "<group>"; };
		F17A16BC2A8956DE00F8FF2F /* EditServerView.swift */ = {isa = PBXFileReference; lastKnownFileType = sourcecode.swift; path = EditServerView.swift; sourceTree = "<group>"; };
		F1A43C812A8472B20081A24C /* ServerStatusDetailView.swift */ = {isa = PBXFileReference; lastKnownFileType = sourcecode.swift; path = ServerStatusDetailView.swift; sourceTree = "<group>"; };
		F1AE29152CA48577009D0D14 /* ServerRowView.swift */ = {isa = PBXFileReference; lastKnownFileType = sourcecode.swift; path = ServerRowView.swift; sourceTree = "<group>"; };
		F1BF5D9E2A80261D00966D56 /* UserDefaultHelper.swift */ = {isa = PBXFileReference; lastKnownFileType = sourcecode.swift; path = UserDefaultHelper.swift; sourceTree = "<group>"; };
		F1C010482AAAB9B60017B9A9 /* SwiftyPing.swift */ = {isa = PBXFileReference; fileEncoding = 4; lastKnownFileType = sourcecode.swift; path = SwiftyPing.swift; sourceTree = "<group>"; };
		F1C9A9AE2A879A4800C058C7 /* MCStatusWatchApp.entitlements */ = {isa = PBXFileReference; lastKnownFileType = text.plist.entitlements; path = MCStatusWatchApp.entitlements; sourceTree = "<group>"; };
		F1C9A9AF2A879FBC00C058C7 /* MCStatusWatchApp-Info.plist */ = {isa = PBXFileReference; lastKnownFileType = text.plist.xml; path = "MCStatusWatchApp-Info.plist"; sourceTree = "<group>"; };
		F1CFCD482CAB0FF7001A9E69 /* MinecraftServerStatusView.swift */ = {isa = PBXFileReference; lastKnownFileType = sourcecode.swift; path = MinecraftServerStatusView.swift; sourceTree = "<group>"; };
		F1CFCD502CABB55B001A9E69 /* CustomExtentions.swift */ = {isa = PBXFileReference; lastKnownFileType = sourcecode.swift; path = CustomExtentions.swift; sourceTree = "<group>"; };
		F1E671752CA73A86002BDFC0 /* CustomProgressView.swift */ = {isa = PBXFileReference; lastKnownFileType = sourcecode.swift; path = CustomProgressView.swift; sourceTree = "<group>"; };
		F1EF76B62CB419AF00EFFB20 /* MigrationHelper.swift */ = {isa = PBXFileReference; lastKnownFileType = sourcecode.swift; path = MigrationHelper.swift; sourceTree = "<group>"; };
		F1EF76BF2CB4204E00EFFB20 /* WatchContentView.swift */ = {isa = PBXFileReference; lastKnownFileType = sourcecode.swift; path = WatchContentView.swift; sourceTree = "<group>"; };
		F1EF76C02CB4204E00EFFB20 /* WatchServerRowView.swift */ = {isa = PBXFileReference; lastKnownFileType = sourcecode.swift; path = WatchServerRowView.swift; sourceTree = "<group>"; };
		F1EF76C92CB422D400EFFB20 /* WatchServerDetailScreen.swift */ = {isa = PBXFileReference; lastKnownFileType = sourcecode.swift; path = WatchServerDetailScreen.swift; sourceTree = "<group>"; };
		F1EF76EC2CB7873F00EFFB20 /* MCStatusWidgetExtensionExtension.appex */ = {isa = PBXFileReference; explicitFileType = "wrapper.app-extension"; includeInIndex = 0; path = MCStatusWidgetExtensionExtension.appex; sourceTree = BUILT_PRODUCTS_DIR; };
		F1EF76ED2CB7873F00EFFB20 /* WidgetKit.framework */ = {isa = PBXFileReference; lastKnownFileType = wrapper.framework; name = WidgetKit.framework; path = System/Library/Frameworks/WidgetKit.framework; sourceTree = SDKROOT; };
		F1EF76EF2CB7873F00EFFB20 /* SwiftUI.framework */ = {isa = PBXFileReference; lastKnownFileType = wrapper.framework; name = SwiftUI.framework; path = System/Library/Frameworks/SwiftUI.framework; sourceTree = SDKROOT; };
		F1EF77002CB7874000EFFB20 /* MCStatusWidgetExtensionExtension.entitlements */ = {isa = PBXFileReference; lastKnownFileType = text.plist.entitlements; path = MCStatusWidgetExtensionExtension.entitlements; sourceTree = "<group>"; };
/* End PBXFileReference section */

/* Begin PBXFileSystemSynchronizedBuildFileExceptionSet section */
		F1EF77012CB7874100EFFB20 /* PBXFileSystemSynchronizedBuildFileExceptionSet */ = {
			isa = PBXFileSystemSynchronizedBuildFileExceptionSet;
			membershipExceptions = (
				Info.plist,
			);
			target = F1EF76EB2CB7873F00EFFB20 /* MCStatusWidgetExtensionExtension */;
		};
/* End PBXFileSystemSynchronizedBuildFileExceptionSet section */

/* Begin PBXFileSystemSynchronizedRootGroup section */
		F12E264D2CADA38C00986787 /* Fonts */ = {isa = PBXFileSystemSynchronizedRootGroup; explicitFileTypes = {}; explicitFolders = (); path = Fonts; sourceTree = "<group>"; };
		F1EF76F12CB7873F00EFFB20 /* MCStatusWidgetExtension */ = {isa = PBXFileSystemSynchronizedRootGroup; exceptions = (F1EF77012CB7874100EFFB20 /* PBXFileSystemSynchronizedBuildFileExceptionSet */, ); explicitFileTypes = {}; explicitFolders = (); path = MCStatusWidgetExtension; sourceTree = "<group>"; };
/* End PBXFileSystemSynchronizedRootGroup section */

/* Begin PBXFrameworksBuildPhase section */
		F11F63482A81E50E00D47187 /* Frameworks */ = {
			isa = PBXFrameworksBuildPhase;
			buildActionMask = 2147483647;
			files = (
				F1EF76C82CB4216F00EFFB20 /* NukeUI in Frameworks */,
				F1C010432AAAB6E50017B9A9 /* MCStatusDataLayer in Frameworks */,
				F1EF76C62CB4216F00EFFB20 /* Nuke in Frameworks */,
			);
			runOnlyForDeploymentPostprocessing = 0;
		};
		F13E5FF62A4BD614005BE9B2 /* Frameworks */ = {
			isa = PBXFrameworksBuildPhase;
			buildActionMask = 2147483647;
			files = (
				F1612CCA2CACC37300E602DC /* NukeUI in Frameworks */,
				F1C010412AAAB6DE0017B9A9 /* MCStatusDataLayer in Frameworks */,
				F1612CC82CACC37300E602DC /* Nuke in Frameworks */,
			);
			runOnlyForDeploymentPostprocessing = 0;
		};
		F1406BA62AA391B800815BE8 /* Frameworks */ = {
			isa = PBXFrameworksBuildPhase;
			buildActionMask = 2147483647;
			files = (
				F1C010452AAAB6EA0017B9A9 /* MCStatusDataLayer in Frameworks */,
			);
			runOnlyForDeploymentPostprocessing = 0;
		};
		F1EF76E92CB7873F00EFFB20 /* Frameworks */ = {
			isa = PBXFrameworksBuildPhase;
			buildActionMask = 2147483647;
			files = (
				F1EF76F02CB7873F00EFFB20 /* SwiftUI.framework in Frameworks */,
				F1EF76EE2CB7873F00EFFB20 /* WidgetKit.framework in Frameworks */,
			);
			runOnlyForDeploymentPostprocessing = 0;
		};
/* End PBXFrameworksBuildPhase section */

/* Begin PBXGroup section */
		F10C42152AAD55A6000107D6 /* Providers */ = {
			isa = PBXGroup;
			children = (
				F10C42162AAD55BF000107D6 /* MCStatusShortcutsProvider.swift */,
			);
			path = Providers;
			sourceTree = "<group>";
		};
		F10C421B2AAE40BC000107D6 /* Frameworks */ = {
			isa = PBXGroup;
			children = (
				F1EF76ED2CB7873F00EFFB20 /* WidgetKit.framework */,
				F1EF76EF2CB7873F00EFFB20 /* SwiftUI.framework */,
			);
			name = Frameworks;
			sourceTree = "<group>";
		};
		F11F634C2A81E50E00D47187 /* MCStatusWatchApp */ = {
			isa = PBXGroup;
			children = (
				F1C9A9AF2A879FBC00C058C7 /* MCStatusWatchApp-Info.plist */,
				F1C9A9AE2A879A4800C058C7 /* MCStatusWatchApp.entitlements */,
				F11F634D2A81E50E00D47187 /* MCStatusWatchApp.swift */,
				F11F63512A81E51000D47187 /* Assets.xcassets */,
				F1EF76C42CB4205200EFFB20 /* Helpers */,
				F1EF76C12CB4204E00EFFB20 /* Views */,
				F11F63532A81E51000D47187 /* Preview Content */,
			);
			path = MCStatusWatchApp;
			sourceTree = "<group>";
		};
		F11F63532A81E51000D47187 /* Preview Content */ = {
			isa = PBXGroup;
			children = (
				F11F63542A81E51000D47187 /* Preview Assets.xcassets */,
			);
			path = "Preview Content";
			sourceTree = "<group>";
		};
		F13E5FF02A4BD614005BE9B2 = {
			isa = PBXGroup;
			children = (
				F1EF77002CB7874000EFFB20 /* MCStatusWidgetExtensionExtension.entitlements */,
				F13E5FFB2A4BD614005BE9B2 /* MCStatus */,
				F11F634C2A81E50E00D47187 /* MCStatusWatchApp */,
				F1322FE32AAAB3FC005EAF56 /* MCStatusDataLayer */,
				F1406BAA2AA391B800815BE8 /* MCStatusAppIntentsExtension */,
				F1EF76F12CB7873F00EFFB20 /* MCStatusWidgetExtension */,
				F13E5FFA2A4BD614005BE9B2 /* Products */,
				F10C421B2AAE40BC000107D6 /* Frameworks */,
			);
			sourceTree = "<group>";
		};
		F13E5FFA2A4BD614005BE9B2 /* Products */ = {
			isa = PBXGroup;
			children = (
				F13E5FF92A4BD614005BE9B2 /* MC Status.app */,
				F11F634B2A81E50E00D47187 /* MCStatusWatchApp Watch App.app */,
				F1406BA92AA391B800815BE8 /* MCStatusAppIntentsExtension.appex */,
				F1EF76EC2CB7873F00EFFB20 /* MCStatusWidgetExtensionExtension.appex */,
			);
			name = Products;
			sourceTree = "<group>";
		};
		F13E5FFB2A4BD614005BE9B2 /* MCStatus */ = {
			isa = PBXGroup;
			children = (
				F13E60062A4BD615005BE9B2 /* Preview Assets.xcassets */,
				F13E60022A4BD615005BE9B2 /* Assets.xcassets */,
				F13E5FFC2A4BD614005BE9B2 /* MCStatusApp.swift */,
				F1A43C802A84726F0081A24C /* Views */,
				F1BF5D9D2A8025EE00966D56 /* Helpers */,
				F1BF5D712A75F19F00966D56 /* Networking */,
				F1A43C7E2A8472420081A24C /* Other */,
			);
			path = MCStatus;
			sourceTree = "<group>";
		};
		F1406BA02AA2CC2F00815BE8 /* Entities */ = {
			isa = PBXGroup;
			children = (
				F1EF76E72CB6EBE100EFFB20 /* Widget */,
				F1406BA12AA2CC4800815BE8 /* SavedServerEntity.swift */,
				F1406BA32AA2DD2C00815BE8 /* IntentErrors.swift */,
				F10C42132AAD4736000107D6 /* ServerStatusEntity.swift */,
			);
			path = Entities;
			sourceTree = "<group>";
		};
		F1406BAA2AA391B800815BE8 /* MCStatusAppIntentsExtension */ = {
			isa = PBXGroup;
			children = (
				F10C42152AAD55A6000107D6 /* Providers */,
				F149FEC32AA9696F00A269A3 /* Intents */,
				F1406BA02AA2CC2F00815BE8 /* Entities */,
				F1406BB72AA391F400815BE8 /* MCStatusAppIntentsExtension.entitlements */,
				F1406BAB2AA391B800815BE8 /* MCStatusAppIntentsExtension.swift */,
				F1406BAF2AA391B800815BE8 /* Info.plist */,
			);
			path = MCStatusAppIntentsExtension;
			sourceTree = "<group>";
		};
		F149FEC32AA9696F00A269A3 /* Intents */ = {
			isa = PBXGroup;
			children = (
				F13083552A9ECC580024A6EE /* SavedServerStatusOnlineCheckIntent.swift */,
				F10C42112AABEB08000107D6 /* ArbitraryServerStatusOnlineCheckIntent.swift */,
				F144E0DA2A9D82CC00E9623F /* ServerSelectWidgetIntent.swift */,
			);
			path = Intents;
			sourceTree = "<group>";
		};
		F1A43C7E2A8472420081A24C /* Other */ = {
			isa = PBXGroup;
			children = (
				F12E264D2CADA38C00986787 /* Fonts */,
				F13E60042A4BD615005BE9B2 /* MCStatus.entitlements */,
				F13E60082A4BD615005BE9B2 /* Info.plist */,
			);
			path = Other;
			sourceTree = "<group>";
		};
		F1A43C802A84726F0081A24C /* Views */ = {
			isa = PBXGroup;
			children = (
				F1CFCD482CAB0FF7001A9E69 /* MinecraftServerStatusView.swift */,
				F1E671752CA73A86002BDFC0 /* CustomProgressView.swift */,
				F1A43C812A8472B20081A24C /* ServerStatusDetailView.swift */,
				F17A16BA2A893DD700F8FF2F /* SettingsRootView.swift */,
				F17A16BC2A8956DE00F8FF2F /* EditServerView.swift */,
				F1AE29152CA48577009D0D14 /* ServerRowView.swift */,
				F13E60002A4BD614005BE9B2 /* MainAppContentView.swift */,
			);
			path = Views;
			sourceTree = "<group>";
		};
		F1BF5D712A75F19F00966D56 /* Networking */ = {
			isa = PBXGroup;
			children = (
				F1C010482AAAB9B60017B9A9 /* SwiftyPing.swift */,
			);
			path = Networking;
			sourceTree = "<group>";
		};
		F1BF5D9D2A8025EE00966D56 /* Helpers */ = {
			isa = PBXGroup;
			children = (
				F1EF76B62CB419AF00EFFB20 /* MigrationHelper.swift */,
				F1CFCD502CABB55B001A9E69 /* CustomExtentions.swift */,
				F1BF5D9E2A80261D00966D56 /* UserDefaultHelper.swift */,
				F174A2FB2A8F7FFA0051DA5B /* WatchHelper.swift */,
			);
			path = Helpers;
			sourceTree = "<group>";
		};
		F1EF76C12CB4204E00EFFB20 /* Views */ = {
			isa = PBXGroup;
			children = (
				F1EF76BF2CB4204E00EFFB20 /* WatchContentView.swift */,
				F1EF76C02CB4204E00EFFB20 /* WatchServerRowView.swift */,
				F1EF76C92CB422D400EFFB20 /* WatchServerDetailScreen.swift */,
			);
			path = Views;
			sourceTree = "<group>";
		};
		F1EF76C42CB4205200EFFB20 /* Helpers */ = {
			isa = PBXGroup;
			children = (
				F10E94B02A8C61B60039DD2B /* ConnectivityProvider.swift */,
				F174A3002A915E450051DA5B /* WatchServerStatusChecker.swift */,
			);
			path = Helpers;
			sourceTree = "<group>";
		};
		F1EF76E72CB6EBE100EFFB20 /* Widget */ = {
			isa = PBXGroup;
			children = (
				F144E0DC2A9D82CC00E9623F /* ServerIntentTypeAppEntity.swift */,
				F144E0DB2A9D82CC00E9623F /* ThemeIntentTypeAppEntity.swift */,
			);
			path = Widget;
			sourceTree = "<group>";
		};
/* End PBXGroup section */

/* Begin PBXNativeTarget section */
		F11F634A2A81E50E00D47187 /* MCStatusWatchApp Watch App */ = {
			isa = PBXNativeTarget;
			buildConfigurationList = F11F63592A81E51000D47187 /* Build configuration list for PBXNativeTarget "MCStatusWatchApp Watch App" */;
			buildPhases = (
				F11F63472A81E50E00D47187 /* Sources */,
				F11F63482A81E50E00D47187 /* Frameworks */,
				F11F63492A81E50E00D47187 /* Resources */,
			);
			buildRules = (
			);
			dependencies = (
				F1EF76D02CB4496F00EFFB20 /* PBXTargetDependency */,
			);
			name = "MCStatusWatchApp Watch App";
			packageProductDependencies = (
				F1C010422AAAB6E50017B9A9 /* MCStatusDataLayer */,
				F1EF76C52CB4216F00EFFB20 /* Nuke */,
				F1EF76C72CB4216F00EFFB20 /* NukeUI */,
			);
			productName = "MCStatusWatchApp Watch App";
			productReference = F11F634B2A81E50E00D47187 /* MCStatusWatchApp Watch App.app */;
			productType = "com.apple.product-type.application";
		};
		F13E5FF82A4BD614005BE9B2 /* MC Status */ = {
			isa = PBXNativeTarget;
			buildConfigurationList = F13E600B2A4BD615005BE9B2 /* Build configuration list for PBXNativeTarget "MC Status" */;
			buildPhases = (
				F13E5FF52A4BD614005BE9B2 /* Sources */,
				F13E5FF62A4BD614005BE9B2 /* Frameworks */,
				F13E5FF72A4BD614005BE9B2 /* Resources */,
				F11F635C2A81E51000D47187 /* Embed Watch Content */,
				F10C421F2AAE40BC000107D6 /* Embed ExtensionKit Extensions */,
				F1EF77052CB7874100EFFB20 /* Embed Foundation Extensions */,
			);
			buildRules = (
			);
			dependencies = (
				F11F63572A81E51000D47187 /* PBXTargetDependency */,
				F10C421E2AAE40BC000107D6 /* PBXTargetDependency */,
				F1EF76FE2CB7874000EFFB20 /* PBXTargetDependency */,
			);
			fileSystemSynchronizedGroups = (
				F12E264D2CADA38C00986787 /* Fonts */,
			);
			name = "MC Status";
			packageProductDependencies = (
				F1C010402AAAB6DE0017B9A9 /* MCStatusDataLayer */,
				F1612CC72CACC37300E602DC /* Nuke */,
				F1612CC92CACC37300E602DC /* NukeUI */,
			);
			productName = MinecraftServerStatus;
			productReference = F13E5FF92A4BD614005BE9B2 /* MC Status.app */;
			productType = "com.apple.product-type.application";
		};
		F1406BA82AA391B800815BE8 /* MCStatusAppIntentsExtension */ = {
			isa = PBXNativeTarget;
			buildConfigurationList = F1406BB32AA391B800815BE8 /* Build configuration list for PBXNativeTarget "MCStatusAppIntentsExtension" */;
			buildPhases = (
				F1406BA52AA391B800815BE8 /* Sources */,
				F1406BA62AA391B800815BE8 /* Frameworks */,
				F1406BA72AA391B800815BE8 /* Resources */,
			);
			buildRules = (
			);
			dependencies = (
			);
			name = MCStatusAppIntentsExtension;
			packageProductDependencies = (
				F1C010442AAAB6EA0017B9A9 /* MCStatusDataLayer */,
			);
			productName = MCStatusIntentsFramework;
			productReference = F1406BA92AA391B800815BE8 /* MCStatusAppIntentsExtension.appex */;
			productType = "com.apple.product-type.extensionkit-extension";
		};
		F1EF76EB2CB7873F00EFFB20 /* MCStatusWidgetExtensionExtension */ = {
			isa = PBXNativeTarget;
			buildConfigurationList = F1EF77022CB7874100EFFB20 /* Build configuration list for PBXNativeTarget "MCStatusWidgetExtensionExtension" */;
			buildPhases = (
				F1EF76E82CB7873F00EFFB20 /* Sources */,
				F1EF76E92CB7873F00EFFB20 /* Frameworks */,
				F1EF76EA2CB7873F00EFFB20 /* Resources */,
			);
			buildRules = (
			);
			dependencies = (
			);
			fileSystemSynchronizedGroups = (
				F1EF76F12CB7873F00EFFB20 /* MCStatusWidgetExtension */,
			);
			name = MCStatusWidgetExtensionExtension;
			packageProductDependencies = (
			);
			productName = MCStatusWidgetExtensionExtension;
			productReference = F1EF76EC2CB7873F00EFFB20 /* MCStatusWidgetExtensionExtension.appex */;
			productType = "com.apple.product-type.app-extension";
		};
/* End PBXNativeTarget section */

/* Begin PBXProject section */
		F13E5FF12A4BD614005BE9B2 /* Project object */ = {
			isa = PBXProject;
			attributes = {
				BuildIndependentTargetsInParallel = 1;
				LastSwiftUpdateCheck = 1600;
				LastUpgradeCheck = 1500;
				TargetAttributes = {
					F11F634A2A81E50E00D47187 = {
						CreatedOnToolsVersion = 15.0;
					};
					F13E5FF82A4BD614005BE9B2 = {
						CreatedOnToolsVersion = 15.0;
					};
					F1406BA82AA391B800815BE8 = {
						CreatedOnToolsVersion = 15.0;
					};
					F1EF76EB2CB7873F00EFFB20 = {
						CreatedOnToolsVersion = 16.0;
					};
				};
			};
			buildConfigurationList = F13E5FF42A4BD614005BE9B2 /* Build configuration list for PBXProject "MCStatus" */;
			compatibilityVersion = "Xcode 14.0";
			developmentRegion = en;
			hasScannedForEncodings = 0;
			knownRegions = (
				en,
				Base,
			);
			mainGroup = F13E5FF02A4BD614005BE9B2;
			packageReferences = (
				F1612CC62CACC37300E602DC /* XCRemoteSwiftPackageReference "Nuke" */,
			);
			productRefGroup = F13E5FFA2A4BD614005BE9B2 /* Products */;
			projectDirPath = "";
			projectRoot = "";
			targets = (
				F13E5FF82A4BD614005BE9B2 /* MC Status */,
				F11F634A2A81E50E00D47187 /* MCStatusWatchApp Watch App */,
				F1406BA82AA391B800815BE8 /* MCStatusAppIntentsExtension */,
				F1EF76EB2CB7873F00EFFB20 /* MCStatusWidgetExtensionExtension */,
			);
		};
/* End PBXProject section */

/* Begin PBXResourcesBuildPhase section */
		F11F63492A81E50E00D47187 /* Resources */ = {
			isa = PBXResourcesBuildPhase;
			buildActionMask = 2147483647;
			files = (
				F11F63552A81E51000D47187 /* Preview Assets.xcassets in Resources */,
				F1EF76DF2CB5B44700EFFB20 /* Assets.xcassets in Resources */,
				F1EF76B82CB419AF00EFFB20 /* MigrationHelper.swift in Resources */,
			);
			runOnlyForDeploymentPostprocessing = 0;
		};
		F13E5FF72A4BD614005BE9B2 /* Resources */ = {
			isa = PBXResourcesBuildPhase;
			buildActionMask = 2147483647;
			files = (
				F13E60072A4BD615005BE9B2 /* Preview Assets.xcassets in Resources */,
				F13E60032A4BD615005BE9B2 /* Assets.xcassets in Resources */,
				F1EF76B92CB419AF00EFFB20 /* MigrationHelper.swift in Resources */,
			);
			runOnlyForDeploymentPostprocessing = 0;
		};
		F1406BA72AA391B800815BE8 /* Resources */ = {
			isa = PBXResourcesBuildPhase;
			buildActionMask = 2147483647;
			files = (
				F1EF76B72CB419AF00EFFB20 /* MigrationHelper.swift in Resources */,
			);
			runOnlyForDeploymentPostprocessing = 0;
		};
		F1EF76EA2CB7873F00EFFB20 /* Resources */ = {
			isa = PBXResourcesBuildPhase;
			buildActionMask = 2147483647;
			files = (
			);
			runOnlyForDeploymentPostprocessing = 0;
		};
/* End PBXResourcesBuildPhase section */

/* Begin PBXSourcesBuildPhase section */
		F11F63472A81E50E00D47187 /* Sources */ = {
			isa = PBXSourcesBuildPhase;
			buildActionMask = 2147483647;
			files = (
				F1EF76CA2CB422D400EFFB20 /* WatchServerDetailScreen.swift in Sources */,
				F174A3012A915E450051DA5B /* WatchServerStatusChecker.swift in Sources */,
				F1CFCD532CABB567001A9E69 /* CustomExtentions.swift in Sources */,
				F1EF76D12CB449E700EFFB20 /* SavedServerStatusOnlineCheckIntent.swift in Sources */,
				F1EF76D22CB449E700EFFB20 /* IntentErrors.swift in Sources */,
				F1EF76D32CB449E700EFFB20 /* SavedServerEntity.swift in Sources */,
				F1EF76D42CB449E700EFFB20 /* ArbitraryServerStatusOnlineCheckIntent.swift in Sources */,
				F1EF76D52CB449E700EFFB20 /* MCStatusShortcutsProvider.swift in Sources */,
				F1EF76D62CB449E700EFFB20 /* ServerStatusEntity.swift in Sources */,
				F1EF76C22CB4204E00EFFB20 /* WatchContentView.swift in Sources */,
				F1EF76C32CB4204E00EFFB20 /* WatchServerRowView.swift in Sources */,
				F174A2FE2A8F8ED70051DA5B /* UserDefaultHelper.swift in Sources */,
				F11F634E2A81E50E00D47187 /* MCStatusWatchApp.swift in Sources */,
				F1EF76BA2CB41A2700EFFB20 /* CustomProgressView.swift in Sources */,
				F10E94B12A8C61B60039DD2B /* ConnectivityProvider.swift in Sources */,
			);
			runOnlyForDeploymentPostprocessing = 0;
		};
		F13E5FF52A4BD614005BE9B2 /* Sources */ = {
			isa = PBXSourcesBuildPhase;
			buildActionMask = 2147483647;
			files = (
				F1A43C822A8472B20081A24C /* ServerStatusDetailView.swift in Sources */,
				F174A2FC2A8F7FFA0051DA5B /* WatchHelper.swift in Sources */,
				F17A16BD2A8956DE00F8FF2F /* EditServerView.swift in Sources */,
				F1C010492AAAB9B60017B9A9 /* SwiftyPing.swift in Sources */,
				F1BF5D9F2A80261D00966D56 /* UserDefaultHelper.swift in Sources */,
				F13E5FFD2A4BD614005BE9B2 /* MCStatusApp.swift in Sources */,
				F16990822CA5DDE500F41232 /* IntentErrors.swift in Sources */,
				F16990832CA5DDE500F41232 /* ArbitraryServerStatusOnlineCheckIntent.swift in Sources */,
				F16990842CA5DDE500F41232 /* ServerStatusEntity.swift in Sources */,
				F1EF76E42CB6D9A500EFFB20 /* ServerIntentTypeAppEntity.swift in Sources */,
				F1EF76E52CB6D9A500EFFB20 /* ThemeIntentTypeAppEntity.swift in Sources */,
				F16990852CA5DDE500F41232 /* SavedServerEntity.swift in Sources */,
				F16990862CA5DDE500F41232 /* SavedServerStatusOnlineCheckIntent.swift in Sources */,
				F1CFCD512CABB567001A9E69 /* CustomExtentions.swift in Sources */,
				F16990872CA5DDE500F41232 /* MCStatusShortcutsProvider.swift in Sources */,
				F17A16BB2A893DD700F8FF2F /* SettingsRootView.swift in Sources */,
				F1EF76E62CB6DA1D00EFFB20 /* ServerSelectWidgetIntent.swift in Sources */,
				F1AE29162CA48577009D0D14 /* ServerRowView.swift in Sources */,
				F13E60012A4BD614005BE9B2 /* MainAppContentView.swift in Sources */,
				F1E671762CA73A86002BDFC0 /* CustomProgressView.swift in Sources */,
				F1CFCD492CAB0FF7001A9E69 /* MinecraftServerStatusView.swift in Sources */,
			);
			runOnlyForDeploymentPostprocessing = 0;
		};
		F1406BA52AA391B800815BE8 /* Sources */ = {
			isa = PBXSourcesBuildPhase;
			buildActionMask = 2147483647;
			files = (
				F10C42172AAD55BF000107D6 /* MCStatusShortcutsProvider.swift in Sources */,
				F1406BB82AA3928500815BE8 /* SavedServerStatusOnlineCheckIntent.swift in Sources */,
				F10C42122AABEB08000107D6 /* ArbitraryServerStatusOnlineCheckIntent.swift in Sources */,
				F10C42142AAD4736000107D6 /* ServerStatusEntity.swift in Sources */,
				F1CFCD522CABB567001A9E69 /* CustomExtentions.swift in Sources */,
				F1406BBE2AA3933000815BE8 /* SavedServerEntity.swift in Sources */,
				F1406BAC2AA391B800815BE8 /* MCStatusAppIntentsExtension.swift in Sources */,
				F1406BBF2AA3933400815BE8 /* IntentErrors.swift in Sources */,
				F1406BC22AA3936E00815BE8 /* UserDefaultHelper.swift in Sources */,
				F1EF76E02CB6D99700EFFB20 /* ServerIntentTypeAppEntity.swift in Sources */,
				F1EF76E32CB6D99F00EFFB20 /* ServerSelectWidgetIntent.swift in Sources */,
				F1EF76E12CB6D99700EFFB20 /* ThemeIntentTypeAppEntity.swift in Sources */,
			);
			runOnlyForDeploymentPostprocessing = 0;
		};
		F1EF76E82CB7873F00EFFB20 /* Sources */ = {
			isa = PBXSourcesBuildPhase;
			buildActionMask = 2147483647;
			files = (
			);
			runOnlyForDeploymentPostprocessing = 0;
		};
/* End PBXSourcesBuildPhase section */

/* Begin PBXTargetDependency section */
		F10C421E2AAE40BC000107D6 /* PBXTargetDependency */ = {
			isa = PBXTargetDependency;
			platformFilter = ios;
			target = F1406BA82AA391B800815BE8 /* MCStatusAppIntentsExtension */;
			targetProxy = F10C421D2AAE40BC000107D6 /* PBXContainerItemProxy */;
		};
		F11F63572A81E51000D47187 /* PBXTargetDependency */ = {
			isa = PBXTargetDependency;
			target = F11F634A2A81E50E00D47187 /* MCStatusWatchApp Watch App */;
			targetProxy = F11F63562A81E51000D47187 /* PBXContainerItemProxy */;
		};
		F1EF76D02CB4496F00EFFB20 /* PBXTargetDependency */ = {
			isa = PBXTargetDependency;
			target = F1406BA82AA391B800815BE8 /* MCStatusAppIntentsExtension */;
			targetProxy = F1EF76CF2CB4496F00EFFB20 /* PBXContainerItemProxy */;
		};
		F1EF76FE2CB7874000EFFB20 /* PBXTargetDependency */ = {
			isa = PBXTargetDependency;
			target = F1EF76EB2CB7873F00EFFB20 /* MCStatusWidgetExtensionExtension */;
			targetProxy = F1EF76FD2CB7874000EFFB20 /* PBXContainerItemProxy */;
		};
/* End PBXTargetDependency section */

/* Begin XCBuildConfiguration section */
		F11F635A2A81E51000D47187 /* Debug */ = {
			isa = XCBuildConfiguration;
			buildSettings = {
				ASSETCATALOG_COMPILER_APPICON_NAME = AppIcon;
				ASSETCATALOG_COMPILER_GLOBAL_ACCENT_COLOR_NAME = AccentColor;
				CODE_SIGN_ENTITLEMENTS = MCStatusWatchApp/MCStatusWatchApp.entitlements;
				CODE_SIGN_STYLE = Automatic;
				CURRENT_PROJECT_VERSION = 3;
				DEVELOPMENT_ASSET_PATHS = "\"MCStatusWatchApp/Preview Content\"";
				DEVELOPMENT_TEAM = FDYR7V7AH4;
				ENABLE_PREVIEWS = YES;
				GENERATE_INFOPLIST_FILE = YES;
				INFOPLIST_FILE = "MCStatusWatchApp/MCStatusWatchApp-Info.plist";
				INFOPLIST_KEY_CFBundleDisplayName = "MC Status";
				INFOPLIST_KEY_UISupportedInterfaceOrientations = "UIInterfaceOrientationPortrait UIInterfaceOrientationPortraitUpsideDown";
				INFOPLIST_KEY_WKCompanionAppBundleIdentifier = com.shemeshapps.MinecraftServerStatus;
				INFOPLIST_KEY_WKRunsIndependentlyOfCompanionApp = NO;
				LD_RUNPATH_SEARCH_PATHS = (
					"$(inherited)",
					"@executable_path/Frameworks",
				);
				MARKETING_VERSION = 1.0;
				PRODUCT_BUNDLE_IDENTIFIER = com.shemeshapps.MinecraftServerStatus.watchkitapp;
				PRODUCT_NAME = "$(TARGET_NAME)";
				SDKROOT = watchos;
				SKIP_INSTALL = YES;
				SWIFT_EMIT_LOC_STRINGS = YES;
				SWIFT_VERSION = 5.0;
				TARGETED_DEVICE_FAMILY = 4;
				WATCHOS_DEPLOYMENT_TARGET = 10.0;
			};
			name = Debug;
		};
		F11F635B2A81E51000D47187 /* Release */ = {
			isa = XCBuildConfiguration;
			buildSettings = {
				ASSETCATALOG_COMPILER_APPICON_NAME = AppIcon;
				ASSETCATALOG_COMPILER_GLOBAL_ACCENT_COLOR_NAME = AccentColor;
				CODE_SIGN_ENTITLEMENTS = MCStatusWatchApp/MCStatusWatchApp.entitlements;
				CODE_SIGN_STYLE = Automatic;
				CURRENT_PROJECT_VERSION = 3;
				DEVELOPMENT_ASSET_PATHS = "\"MCStatusWatchApp/Preview Content\"";
				DEVELOPMENT_TEAM = FDYR7V7AH4;
				ENABLE_PREVIEWS = YES;
				GENERATE_INFOPLIST_FILE = YES;
				INFOPLIST_FILE = "MCStatusWatchApp/MCStatusWatchApp-Info.plist";
				INFOPLIST_KEY_CFBundleDisplayName = "MC Status";
				INFOPLIST_KEY_UISupportedInterfaceOrientations = "UIInterfaceOrientationPortrait UIInterfaceOrientationPortraitUpsideDown";
				INFOPLIST_KEY_WKCompanionAppBundleIdentifier = com.shemeshapps.MinecraftServerStatus;
				INFOPLIST_KEY_WKRunsIndependentlyOfCompanionApp = NO;
				LD_RUNPATH_SEARCH_PATHS = (
					"$(inherited)",
					"@executable_path/Frameworks",
				);
				MARKETING_VERSION = 1.0;
				PRODUCT_BUNDLE_IDENTIFIER = com.shemeshapps.MinecraftServerStatus.watchkitapp;
				PRODUCT_NAME = "$(TARGET_NAME)";
				SDKROOT = watchos;
				SKIP_INSTALL = YES;
				SWIFT_EMIT_LOC_STRINGS = YES;
				SWIFT_VERSION = 5.0;
				TARGETED_DEVICE_FAMILY = 4;
				VALIDATE_PRODUCT = YES;
				WATCHOS_DEPLOYMENT_TARGET = 10.0;
			};
			name = Release;
		};
		F13E60092A4BD615005BE9B2 /* Debug */ = {
			isa = XCBuildConfiguration;
			buildSettings = {
				ALWAYS_SEARCH_USER_PATHS = NO;
				ASSETCATALOG_COMPILER_GENERATE_SWIFT_ASSET_SYMBOL_EXTENSIONS = YES;
				CLANG_ANALYZER_NONNULL = YES;
				CLANG_ANALYZER_NUMBER_OBJECT_CONVERSION = YES_AGGRESSIVE;
				CLANG_CXX_LANGUAGE_STANDARD = "gnu++20";
				CLANG_ENABLE_MODULES = YES;
				CLANG_ENABLE_OBJC_ARC = YES;
				CLANG_ENABLE_OBJC_WEAK = YES;
				CLANG_WARN_BLOCK_CAPTURE_AUTORELEASING = YES;
				CLANG_WARN_BOOL_CONVERSION = YES;
				CLANG_WARN_COMMA = YES;
				CLANG_WARN_CONSTANT_CONVERSION = YES;
				CLANG_WARN_DEPRECATED_OBJC_IMPLEMENTATIONS = YES;
				CLANG_WARN_DIRECT_OBJC_ISA_USAGE = YES_ERROR;
				CLANG_WARN_DOCUMENTATION_COMMENTS = YES;
				CLANG_WARN_EMPTY_BODY = YES;
				CLANG_WARN_ENUM_CONVERSION = YES;
				CLANG_WARN_INFINITE_RECURSION = YES;
				CLANG_WARN_INT_CONVERSION = YES;
				CLANG_WARN_NON_LITERAL_NULL_CONVERSION = YES;
				CLANG_WARN_OBJC_IMPLICIT_RETAIN_SELF = YES;
				CLANG_WARN_OBJC_LITERAL_CONVERSION = YES;
				CLANG_WARN_OBJC_ROOT_CLASS = YES_ERROR;
				CLANG_WARN_QUOTED_INCLUDE_IN_FRAMEWORK_HEADER = YES;
				CLANG_WARN_RANGE_LOOP_ANALYSIS = YES;
				CLANG_WARN_STRICT_PROTOTYPES = YES;
				CLANG_WARN_SUSPICIOUS_MOVE = YES;
				CLANG_WARN_UNGUARDED_AVAILABILITY = YES_AGGRESSIVE;
				CLANG_WARN_UNREACHABLE_CODE = YES;
				CLANG_WARN__DUPLICATE_METHOD_MATCH = YES;
				COPY_PHASE_STRIP = NO;
				DEBUG_INFORMATION_FORMAT = dwarf;
				ENABLE_STRICT_OBJC_MSGSEND = YES;
				ENABLE_TESTABILITY = YES;
				ENABLE_USER_SCRIPT_SANDBOXING = YES;
				GCC_C_LANGUAGE_STANDARD = gnu17;
				GCC_DYNAMIC_NO_PIC = NO;
				GCC_NO_COMMON_BLOCKS = YES;
				GCC_OPTIMIZATION_LEVEL = 0;
				GCC_PREPROCESSOR_DEFINITIONS = (
					"DEBUG=1",
					"$(inherited)",
				);
				GCC_WARN_64_TO_32_BIT_CONVERSION = YES;
				GCC_WARN_ABOUT_RETURN_TYPE = YES_ERROR;
				GCC_WARN_UNDECLARED_SELECTOR = YES;
				GCC_WARN_UNINITIALIZED_AUTOS = YES_AGGRESSIVE;
				GCC_WARN_UNUSED_FUNCTION = YES;
				GCC_WARN_UNUSED_VARIABLE = YES;
				LOCALIZATION_PREFERS_STRING_CATALOGS = YES;
				MTL_ENABLE_DEBUG_INFO = INCLUDE_SOURCE;
				MTL_FAST_MATH = YES;
				ONLY_ACTIVE_ARCH = YES;
				SWIFT_ACTIVE_COMPILATION_CONDITIONS = "DEBUG $(inherited)";
				SWIFT_OPTIMIZATION_LEVEL = "-Onone";
			};
			name = Debug;
		};
		F13E600A2A4BD615005BE9B2 /* Release */ = {
			isa = XCBuildConfiguration;
			buildSettings = {
				ALWAYS_SEARCH_USER_PATHS = NO;
				ASSETCATALOG_COMPILER_GENERATE_SWIFT_ASSET_SYMBOL_EXTENSIONS = YES;
				CLANG_ANALYZER_NONNULL = YES;
				CLANG_ANALYZER_NUMBER_OBJECT_CONVERSION = YES_AGGRESSIVE;
				CLANG_CXX_LANGUAGE_STANDARD = "gnu++20";
				CLANG_ENABLE_MODULES = YES;
				CLANG_ENABLE_OBJC_ARC = YES;
				CLANG_ENABLE_OBJC_WEAK = YES;
				CLANG_WARN_BLOCK_CAPTURE_AUTORELEASING = YES;
				CLANG_WARN_BOOL_CONVERSION = YES;
				CLANG_WARN_COMMA = YES;
				CLANG_WARN_CONSTANT_CONVERSION = YES;
				CLANG_WARN_DEPRECATED_OBJC_IMPLEMENTATIONS = YES;
				CLANG_WARN_DIRECT_OBJC_ISA_USAGE = YES_ERROR;
				CLANG_WARN_DOCUMENTATION_COMMENTS = YES;
				CLANG_WARN_EMPTY_BODY = YES;
				CLANG_WARN_ENUM_CONVERSION = YES;
				CLANG_WARN_INFINITE_RECURSION = YES;
				CLANG_WARN_INT_CONVERSION = YES;
				CLANG_WARN_NON_LITERAL_NULL_CONVERSION = YES;
				CLANG_WARN_OBJC_IMPLICIT_RETAIN_SELF = YES;
				CLANG_WARN_OBJC_LITERAL_CONVERSION = YES;
				CLANG_WARN_OBJC_ROOT_CLASS = YES_ERROR;
				CLANG_WARN_QUOTED_INCLUDE_IN_FRAMEWORK_HEADER = YES;
				CLANG_WARN_RANGE_LOOP_ANALYSIS = YES;
				CLANG_WARN_STRICT_PROTOTYPES = YES;
				CLANG_WARN_SUSPICIOUS_MOVE = YES;
				CLANG_WARN_UNGUARDED_AVAILABILITY = YES_AGGRESSIVE;
				CLANG_WARN_UNREACHABLE_CODE = YES;
				CLANG_WARN__DUPLICATE_METHOD_MATCH = YES;
				COPY_PHASE_STRIP = NO;
				DEBUG_INFORMATION_FORMAT = "dwarf-with-dsym";
				ENABLE_NS_ASSERTIONS = NO;
				ENABLE_STRICT_OBJC_MSGSEND = YES;
				ENABLE_USER_SCRIPT_SANDBOXING = YES;
				GCC_C_LANGUAGE_STANDARD = gnu17;
				GCC_NO_COMMON_BLOCKS = YES;
				GCC_WARN_64_TO_32_BIT_CONVERSION = YES;
				GCC_WARN_ABOUT_RETURN_TYPE = YES_ERROR;
				GCC_WARN_UNDECLARED_SELECTOR = YES;
				GCC_WARN_UNINITIALIZED_AUTOS = YES_AGGRESSIVE;
				GCC_WARN_UNUSED_FUNCTION = YES;
				GCC_WARN_UNUSED_VARIABLE = YES;
				LOCALIZATION_PREFERS_STRING_CATALOGS = YES;
				MTL_ENABLE_DEBUG_INFO = NO;
				MTL_FAST_MATH = YES;
				SWIFT_COMPILATION_MODE = wholemodule;
			};
			name = Release;
		};
		F13E600C2A4BD615005BE9B2 /* Debug */ = {
			isa = XCBuildConfiguration;
			buildSettings = {
				ALWAYS_EMBED_SWIFT_STANDARD_LIBRARIES = YES;
				ASSETCATALOG_COMPILER_APPICON_NAME = AppIcon;
				ASSETCATALOG_COMPILER_GLOBAL_ACCENT_COLOR_NAME = AccentColor;
				CODE_SIGN_ENTITLEMENTS = MCStatus/Other/MCStatus.entitlements;
				CODE_SIGN_STYLE = Automatic;
				CURRENT_PROJECT_VERSION = 3;
				DEVELOPMENT_ASSET_PATHS = "\"MCStatus/Other\"";
				DEVELOPMENT_TEAM = FDYR7V7AH4;
				ENABLE_HARDENED_RUNTIME = YES;
				ENABLE_PREVIEWS = YES;
				GENERATE_INFOPLIST_FILE = YES;
				INFOPLIST_FILE = MCStatus/Other/Info.plist;
				INFOPLIST_KEY_CFBundleDisplayName = "MC Status";
				INFOPLIST_KEY_LSApplicationCategoryType = "public.app-category.utilities";
				INFOPLIST_KEY_NSLocalNetworkUsageDescription = "This app requires local network access in order to check the status of servers on your local connection";
				"INFOPLIST_KEY_UIApplicationSceneManifest_Generation[sdk=iphoneos*]" = YES;
				"INFOPLIST_KEY_UIApplicationSceneManifest_Generation[sdk=iphonesimulator*]" = YES;
				"INFOPLIST_KEY_UIApplicationSupportsIndirectInputEvents[sdk=iphoneos*]" = YES;
				"INFOPLIST_KEY_UIApplicationSupportsIndirectInputEvents[sdk=iphonesimulator*]" = YES;
				"INFOPLIST_KEY_UILaunchScreen_Generation[sdk=iphoneos*]" = YES;
				"INFOPLIST_KEY_UILaunchScreen_Generation[sdk=iphonesimulator*]" = YES;
				"INFOPLIST_KEY_UIStatusBarStyle[sdk=iphoneos*]" = UIStatusBarStyleDefault;
				"INFOPLIST_KEY_UIStatusBarStyle[sdk=iphonesimulator*]" = UIStatusBarStyleDefault;
				INFOPLIST_KEY_UISupportedInterfaceOrientations = UIInterfaceOrientationPortrait;
				INFOPLIST_KEY_UISupportedInterfaceOrientations_iPad = "UIInterfaceOrientationLandscapeLeft UIInterfaceOrientationLandscapeRight UIInterfaceOrientationPortrait UIInterfaceOrientationPortraitUpsideDown";
				IPHONEOS_DEPLOYMENT_TARGET = 17.0;
				LD_RUNPATH_SEARCH_PATHS = "@executable_path/Frameworks";
				"LD_RUNPATH_SEARCH_PATHS[sdk=macosx*]" = "@executable_path/../Frameworks";
				MACOSX_DEPLOYMENT_TARGET = 14.0;
				MARKETING_VERSION = 2.0;
				PRODUCT_BUNDLE_IDENTIFIER = com.shemeshapps.MinecraftServerStatus;
				PRODUCT_NAME = "$(TARGET_NAME)";
				SDKROOT = auto;
				SUPPORTED_PLATFORMS = "iphoneos iphonesimulator xros xrsimulator";
				SUPPORTS_MACCATALYST = YES;
				SUPPORTS_MAC_DESIGNED_FOR_IPHONE_IPAD = NO;
				SUPPORTS_XR_DESIGNED_FOR_IPHONE_IPAD = NO;
				SWIFT_EMIT_LOC_STRINGS = YES;
				SWIFT_VERSION = 5.0;
				TARGETED_DEVICE_FAMILY = "1,2";
			};
			name = Debug;
		};
		F13E600D2A4BD615005BE9B2 /* Release */ = {
			isa = XCBuildConfiguration;
			buildSettings = {
				ALWAYS_EMBED_SWIFT_STANDARD_LIBRARIES = YES;
				ASSETCATALOG_COMPILER_APPICON_NAME = AppIcon;
				ASSETCATALOG_COMPILER_GLOBAL_ACCENT_COLOR_NAME = AccentColor;
				CODE_SIGN_ENTITLEMENTS = MCStatus/Other/MCStatus.entitlements;
				CODE_SIGN_STYLE = Automatic;
				CURRENT_PROJECT_VERSION = 3;
				DEVELOPMENT_ASSET_PATHS = "\"MCStatus/Other\"";
				DEVELOPMENT_TEAM = FDYR7V7AH4;
				ENABLE_HARDENED_RUNTIME = YES;
				ENABLE_PREVIEWS = YES;
				GENERATE_INFOPLIST_FILE = YES;
				INFOPLIST_FILE = MCStatus/Other/Info.plist;
				INFOPLIST_KEY_CFBundleDisplayName = "MC Status";
				INFOPLIST_KEY_LSApplicationCategoryType = "public.app-category.utilities";
				INFOPLIST_KEY_NSLocalNetworkUsageDescription = "This app requires local network access in order to check the status of servers on your local connection";
				"INFOPLIST_KEY_UIApplicationSceneManifest_Generation[sdk=iphoneos*]" = YES;
				"INFOPLIST_KEY_UIApplicationSceneManifest_Generation[sdk=iphonesimulator*]" = YES;
				"INFOPLIST_KEY_UIApplicationSupportsIndirectInputEvents[sdk=iphoneos*]" = YES;
				"INFOPLIST_KEY_UIApplicationSupportsIndirectInputEvents[sdk=iphonesimulator*]" = YES;
				"INFOPLIST_KEY_UILaunchScreen_Generation[sdk=iphoneos*]" = YES;
				"INFOPLIST_KEY_UILaunchScreen_Generation[sdk=iphonesimulator*]" = YES;
				"INFOPLIST_KEY_UIStatusBarStyle[sdk=iphoneos*]" = UIStatusBarStyleDefault;
				"INFOPLIST_KEY_UIStatusBarStyle[sdk=iphonesimulator*]" = UIStatusBarStyleDefault;
				INFOPLIST_KEY_UISupportedInterfaceOrientations = UIInterfaceOrientationPortrait;
				INFOPLIST_KEY_UISupportedInterfaceOrientations_iPad = "UIInterfaceOrientationLandscapeLeft UIInterfaceOrientationLandscapeRight UIInterfaceOrientationPortrait UIInterfaceOrientationPortraitUpsideDown";
				IPHONEOS_DEPLOYMENT_TARGET = 17.0;
				LD_RUNPATH_SEARCH_PATHS = "@executable_path/Frameworks";
				"LD_RUNPATH_SEARCH_PATHS[sdk=macosx*]" = "@executable_path/../Frameworks";
				MACOSX_DEPLOYMENT_TARGET = 14.0;
				MARKETING_VERSION = 2.0;
				PRODUCT_BUNDLE_IDENTIFIER = com.shemeshapps.MinecraftServerStatus;
				PRODUCT_NAME = "$(TARGET_NAME)";
				SDKROOT = auto;
				SUPPORTED_PLATFORMS = "iphoneos iphonesimulator xros xrsimulator";
				SUPPORTS_MACCATALYST = YES;
				SUPPORTS_MAC_DESIGNED_FOR_IPHONE_IPAD = NO;
				SUPPORTS_XR_DESIGNED_FOR_IPHONE_IPAD = NO;
				SWIFT_EMIT_LOC_STRINGS = YES;
				SWIFT_VERSION = 5.0;
				TARGETED_DEVICE_FAMILY = "1,2";
			};
			name = Release;
		};
		F1406BB42AA391B800815BE8 /* Debug */ = {
			isa = XCBuildConfiguration;
			buildSettings = {
				CODE_SIGN_ENTITLEMENTS = MCStatusAppIntentsExtension/MCStatusAppIntentsExtension.entitlements;
				CODE_SIGN_STYLE = Automatic;
				CURRENT_PROJECT_VERSION = 3;
				DEVELOPMENT_TEAM = FDYR7V7AH4;
				GENERATE_INFOPLIST_FILE = YES;
				INFOPLIST_FILE = MCStatusAppIntentsExtension/Info.plist;
				INFOPLIST_KEY_CFBundleDisplayName = MCStatusAppIntentsExtension;
				INFOPLIST_KEY_NSHumanReadableCopyright = "";
				IPHONEOS_DEPLOYMENT_TARGET = 17.0;
				LD_RUNPATH_SEARCH_PATHS = (
					"$(inherited)",
					"@executable_path/Frameworks",
					"@executable_path/../../Frameworks",
				);
				MARKETING_VERSION = 1.0;
				PRODUCT_BUNDLE_IDENTIFIER = com.shemeshapps.MinecraftServerStatus.MCStatusAppIntentsExtension;
				PRODUCT_NAME = "$(TARGET_NAME)";
				SDKROOT = iphoneos;
				SKIP_INSTALL = YES;
				SUPPORTED_PLATFORMS = "iphoneos iphonesimulator watchos watchsimulator";
				SUPPORTS_MACCATALYST = NO;
				SWIFT_EMIT_LOC_STRINGS = YES;
				SWIFT_VERSION = 5.0;
				TARGETED_DEVICE_FAMILY = "1,2,4";
			};
			name = Debug;
		};
		F1406BB52AA391B800815BE8 /* Release */ = {
			isa = XCBuildConfiguration;
			buildSettings = {
				CODE_SIGN_ENTITLEMENTS = MCStatusAppIntentsExtension/MCStatusAppIntentsExtension.entitlements;
				CODE_SIGN_STYLE = Automatic;
				CURRENT_PROJECT_VERSION = 3;
				DEVELOPMENT_TEAM = FDYR7V7AH4;
				GENERATE_INFOPLIST_FILE = YES;
				INFOPLIST_FILE = MCStatusAppIntentsExtension/Info.plist;
				INFOPLIST_KEY_CFBundleDisplayName = MCStatusAppIntentsExtension;
				INFOPLIST_KEY_NSHumanReadableCopyright = "";
				IPHONEOS_DEPLOYMENT_TARGET = 17.0;
				LD_RUNPATH_SEARCH_PATHS = (
					"$(inherited)",
					"@executable_path/Frameworks",
					"@executable_path/../../Frameworks",
				);
				MARKETING_VERSION = 1.0;
				PRODUCT_BUNDLE_IDENTIFIER = com.shemeshapps.MinecraftServerStatus.MCStatusAppIntentsExtension;
				PRODUCT_NAME = "$(TARGET_NAME)";
				SDKROOT = iphoneos;
				SKIP_INSTALL = YES;
				SUPPORTED_PLATFORMS = "iphoneos iphonesimulator watchos watchsimulator";
				SUPPORTS_MACCATALYST = NO;
				SWIFT_EMIT_LOC_STRINGS = YES;
				SWIFT_VERSION = 5.0;
				TARGETED_DEVICE_FAMILY = "1,2,4";
				VALIDATE_PRODUCT = YES;
			};
			name = Release;
		};
		F1EF77032CB7874100EFFB20 /* Debug */ = {
			isa = XCBuildConfiguration;
			buildSettings = {
				ASSETCATALOG_COMPILER_GLOBAL_ACCENT_COLOR_NAME = AccentColor;
				ASSETCATALOG_COMPILER_WIDGET_BACKGROUND_COLOR_NAME = WidgetBackground;
				CODE_SIGN_ENTITLEMENTS = MCStatusWidgetExtensionExtension.entitlements;
				CODE_SIGN_STYLE = Automatic;
				CURRENT_PROJECT_VERSION = 1;
				DEVELOPMENT_TEAM = FDYR7V7AH4;
				GENERATE_INFOPLIST_FILE = YES;
				INFOPLIST_FILE = MCStatusWidgetExtension/Info.plist;
				INFOPLIST_KEY_CFBundleDisplayName = MCStatusWidgetExtension;
				INFOPLIST_KEY_NSHumanReadableCopyright = "";
				IPHONEOS_DEPLOYMENT_TARGET = 18.0;
				LD_RUNPATH_SEARCH_PATHS = (
					"$(inherited)",
					"@executable_path/Frameworks",
					"@executable_path/../../Frameworks",
				);
				MARKETING_VERSION = 1.0;
				PRODUCT_BUNDLE_IDENTIFIER = com.shemeshapps.MinecraftServerStatus.MCStatusWidgetExtension;
				PRODUCT_NAME = "$(TARGET_NAME)";
				SDKROOT = iphoneos;
				SKIP_INSTALL = YES;
				SUPPORTS_MACCATALYST = YES;
				SWIFT_EMIT_LOC_STRINGS = YES;
				SWIFT_VERSION = 5.0;
				TARGETED_DEVICE_FAMILY = "1,2";
			};
			name = Debug;
		};
		F1EF77042CB7874100EFFB20 /* Release */ = {
			isa = XCBuildConfiguration;
			buildSettings = {
				ASSETCATALOG_COMPILER_GLOBAL_ACCENT_COLOR_NAME = AccentColor;
				ASSETCATALOG_COMPILER_WIDGET_BACKGROUND_COLOR_NAME = WidgetBackground;
				CODE_SIGN_ENTITLEMENTS = MCStatusWidgetExtensionExtension.entitlements;
				CODE_SIGN_STYLE = Automatic;
				CURRENT_PROJECT_VERSION = 1;
				DEVELOPMENT_TEAM = FDYR7V7AH4;
				GENERATE_INFOPLIST_FILE = YES;
				INFOPLIST_FILE = MCStatusWidgetExtension/Info.plist;
				INFOPLIST_KEY_CFBundleDisplayName = MCStatusWidgetExtension;
				INFOPLIST_KEY_NSHumanReadableCopyright = "";
				IPHONEOS_DEPLOYMENT_TARGET = 18.0;
				LD_RUNPATH_SEARCH_PATHS = (
					"$(inherited)",
					"@executable_path/Frameworks",
					"@executable_path/../../Frameworks",
				);
				MARKETING_VERSION = 1.0;
				PRODUCT_BUNDLE_IDENTIFIER = com.shemeshapps.MinecraftServerStatus.MCStatusWidgetExtension;
				PRODUCT_NAME = "$(TARGET_NAME)";
				SDKROOT = iphoneos;
				SKIP_INSTALL = YES;
				SUPPORTS_MACCATALYST = YES;
				SWIFT_EMIT_LOC_STRINGS = YES;
				SWIFT_VERSION = 5.0;
				TARGETED_DEVICE_FAMILY = "1,2";
				VALIDATE_PRODUCT = YES;
			};
			name = Release;
		};
/* End XCBuildConfiguration section */

/* Begin XCConfigurationList section */
		F11F63592A81E51000D47187 /* Build configuration list for PBXNativeTarget "MCStatusWatchApp Watch App" */ = {
			isa = XCConfigurationList;
			buildConfigurations = (
				F11F635A2A81E51000D47187 /* Debug */,
				F11F635B2A81E51000D47187 /* Release */,
			);
			defaultConfigurationIsVisible = 0;
			defaultConfigurationName = Release;
		};
		F13E5FF42A4BD614005BE9B2 /* Build configuration list for PBXProject "MCStatus" */ = {
			isa = XCConfigurationList;
			buildConfigurations = (
				F13E60092A4BD615005BE9B2 /* Debug */,
				F13E600A2A4BD615005BE9B2 /* Release */,
			);
			defaultConfigurationIsVisible = 0;
			defaultConfigurationName = Release;
		};
		F13E600B2A4BD615005BE9B2 /* Build configuration list for PBXNativeTarget "MC Status" */ = {
			isa = XCConfigurationList;
			buildConfigurations = (
				F13E600C2A4BD615005BE9B2 /* Debug */,
				F13E600D2A4BD615005BE9B2 /* Release */,
			);
			defaultConfigurationIsVisible = 0;
			defaultConfigurationName = Release;
		};
		F1406BB32AA391B800815BE8 /* Build configuration list for PBXNativeTarget "MCStatusAppIntentsExtension" */ = {
			isa = XCConfigurationList;
			buildConfigurations = (
				F1406BB42AA391B800815BE8 /* Debug */,
				F1406BB52AA391B800815BE8 /* Release */,
			);
			defaultConfigurationIsVisible = 0;
			defaultConfigurationName = Release;
		};
		F1EF77022CB7874100EFFB20 /* Build configuration list for PBXNativeTarget "MCStatusWidgetExtensionExtension" */ = {
			isa = XCConfigurationList;
			buildConfigurations = (
				F1EF77032CB7874100EFFB20 /* Debug */,
				F1EF77042CB7874100EFFB20 /* Release */,
			);
			defaultConfigurationIsVisible = 0;
			defaultConfigurationName = Release;
		};
/* End XCConfigurationList section */

/* Begin XCRemoteSwiftPackageReference section */
		F1612CC62CACC37300E602DC /* XCRemoteSwiftPackageReference "Nuke" */ = {
			isa = XCRemoteSwiftPackageReference;
			repositoryURL = "https://github.com/kean/Nuke";
			requirement = {
				kind = upToNextMajorVersion;
				minimumVersion = 12.8.0;
			};
		};
/* End XCRemoteSwiftPackageReference section */

/* Begin XCSwiftPackageProductDependency section */
		F1612CC72CACC37300E602DC /* Nuke */ = {
			isa = XCSwiftPackageProductDependency;
			package = F1612CC62CACC37300E602DC /* XCRemoteSwiftPackageReference "Nuke" */;
			productName = Nuke;
		};
		F1612CC92CACC37300E602DC /* NukeUI */ = {
			isa = XCSwiftPackageProductDependency;
			package = F1612CC62CACC37300E602DC /* XCRemoteSwiftPackageReference "Nuke" */;
			productName = NukeUI;
		};
		F1C010402AAAB6DE0017B9A9 /* MCStatusDataLayer */ = {
			isa = XCSwiftPackageProductDependency;
			productName = MCStatusDataLayer;
		};
		F1C010422AAAB6E50017B9A9 /* MCStatusDataLayer */ = {
			isa = XCSwiftPackageProductDependency;
			productName = MCStatusDataLayer;
		};
		F1C010442AAAB6EA0017B9A9 /* MCStatusDataLayer */ = {
			isa = XCSwiftPackageProductDependency;
			productName = MCStatusDataLayer;
		};
		F1EF76C52CB4216F00EFFB20 /* Nuke */ = {
			isa = XCSwiftPackageProductDependency;
			package = F1612CC62CACC37300E602DC /* XCRemoteSwiftPackageReference "Nuke" */;
			productName = Nuke;
		};
		F1EF76C72CB4216F00EFFB20 /* NukeUI */ = {
			isa = XCSwiftPackageProductDependency;
			package = F1612CC62CACC37300E602DC /* XCRemoteSwiftPackageReference "Nuke" */;
			productName = NukeUI;
		};
/* End XCSwiftPackageProductDependency section */
	};
	rootObject = F13E5FF12A4BD614005BE9B2 /* Project object */;
}
